
Microsoft Visual Studio Solution File, Format Version 12.00
# Visual Studio Version 17
VisualStudioVersion = 17.0.31903.59
MinimumVisualStudioVersion = 10.0.40219.1
Project("{2150E333-8FDC-42A3-9474-1A3956D46DE8}") = "src", "src", "{827E0CD3-B72D-47B6-A68D-7590B98EB39B}"
EndProject
Project("{FAE04EC0-301F-11D3-BF4B-00C04F79EFBC}") = "RoverRender2D.Application", "src\RoverRender2D.Application\RoverRender2D.Application.csproj", "{6734C540-385C-4E76-B91E-60E14790CAB3}"
EndProject
Project("{FAE04EC0-301F-11D3-BF4B-00C04F79EFBC}") = "RoverRender2D.Contracts", "src\RoverRender2D.Contracts\RoverRender2D.Contracts.csproj", "{F7D96F8E-D8EC-47CB-BA05-9CE7BF5A7F7F}"
EndProject
Project("{FAE04EC0-301F-11D3-BF4B-00C04F79EFBC}") = "RoverRender2D.Desktop", "src\RoverRender2D.Desktop\RoverRender2D.Desktop.csproj", "{A548B36E-5032-4CB1-82CD-31896FA5B197}"
EndProject
Project("{FAE04EC0-301F-11D3-BF4B-00C04F79EFBC}") = "RoverRender2D.Domain", "src\RoverRender2D.Domain\RoverRender2D.Domain.csproj", "{F7812E67-C1F6-4DC9-B2EB-A6950D21AB18}"
EndProject
Project("{FAE04EC0-301F-11D3-BF4B-00C04F79EFBC}") = "RoverRender2D.Export", "src\RoverRender2D.Export\RoverRender2D.Export.csproj", "{64671DA2-CF4A-4E1F-A60A-BFA08C1E893B}"
EndProject
Project("{FAE04EC0-301F-11D3-BF4B-00C04F79EFBC}") = "RoverRender2D.Infrastructure", "src\RoverRender2D.Infrastructure\RoverRender2D.Infrastructure.csproj", "{C39CFDF9-9341-4265-ACD8-E8C20133CFDF}"
EndProject
Project("{FAE04EC0-301F-11D3-BF4B-00C04F79EFBC}") = "RoverRender2D.Processing", "src\RoverRender2D.Processing\RoverRender2D.Processing.csproj", "{4FD54C9F-2897-49E4-B502-92D6FBC76B91}"
EndProject
Project("{FAE04EC0-301F-11D3-BF4B-00C04F79EFBC}") = "RoverRender2D.Rendering", "src\RoverRender2D.Rendering\RoverRender2D.Rendering.csproj", "{7AC853FF-900B-4642-87D1-8EAA1B1076B6}"
EndProject
Project("{2150E333-8FDC-42A3-9474-1A3956D46DE8}") = "tests", "tests", "{0AB3BF05-4346-4AA6-1389-037BE0695223}"
EndProject
Project("{FAE04EC0-301F-11D3-BF4B-00C04F79EFBC}") = "RoverRender2D.Architecture.Tests", "tests\RoverRender2D.Architecture.Tests\RoverRender2D.Architecture.Tests.csproj", "{67E080CB-37E3-4667-A564-61925BA5DF79}"
EndProject
Project("{FAE04EC0-301F-11D3-BF4B-00C04F79EFBC}") = "RoverRender2D.Domain.Tests", "tests\RoverRender2D.Domain.Tests\RoverRender2D.Domain.Tests.csproj", "{49AF1BB0-DD3C-4199-A6D4-9B2B90ECEEF9}"
EndProject
Project("{FAE04EC0-301F-11D3-BF4B-00C04F79EFBC}") = "RoverRender2D.Export.Tests", "tests\RoverRender2D.Export.Tests\RoverRender2D.Export.Tests.csproj", "{77F213A0-CEA6-4461-BA3E-226072764889}"
EndProject
Project("{FAE04EC0-301F-11D3-BF4B-00C04F79EFBC}") = "RoverRender2D.Infrastructure.Tests", "tests\RoverRender2D.Infrastructure.Tests\RoverRender2D.Infrastructure.Tests.csproj", "{40EC7F26-AF97-4288-A792-B08D5BE187F9}"
EndProject
Project("{FAE04EC0-301F-11D3-BF4B-00C04F79EFBC}") = "RoverRender2D.Processing.Tests", "tests\RoverRender2D.Processing.Tests\RoverRender2D.Processing.Tests.csproj", "{1906BA72-2480-4EA1-990F-DF887F79371A}"
EndProject
Project("{2150E333-8FDC-42A3-9474-1A3956D46DE8}") = "benchmarks", "benchmarks", "{66320409-64EC-F7C5-3DEF-65E7510DAAD1}"
EndProject
Project("{FAE04EC0-301F-11D3-BF4B-00C04F79EFBC}") = "RoverRender2D.Processing.Benchmarks", "benchmarks\RoverRender2D.Processing.Benchmarks\RoverRender2D.Processing.Benchmarks.csproj", "{8C1C7D39-381B-456E-90E4-B3D16C5CA6F9}"
EndProject
Project("{2150E333-8FDC-42A3-9474-1A3956D46DE8}") = "tools", "tools", "{07C2787E-EAC7-C090-1BA3-A61EC2A24D84}"
EndProject
Project("{FAE04EC0-301F-11D3-BF4B-00C04F79EFBC}") = "RoverRender2D.MissionGenerator", "tools\RoverRender2D.MissionGenerator\RoverRender2D.MissionGenerator.csproj", "{188F10D8-4439-4AFF-BCF6-0466E5170DEA}"
EndProject
Global
	GlobalSection(SolutionConfigurationPlatforms) = preSolution
		Debug|Any CPU = Debug|Any CPU
		Debug|x64 = Debug|x64
		Debug|x86 = Debug|x86
		Release|Any CPU = Release|Any CPU
		Release|x64 = Release|x64
		Release|x86 = Release|x86
	EndGlobalSection
	GlobalSection(ProjectConfigurationPlatforms) = postSolution
		{6734C540-385C-4E76-B91E-60E14790CAB3}.Debug|Any CPU.ActiveCfg = Debug|Any CPU
		{6734C540-385C-4E76-B91E-60E14790CAB3}.Debug|Any CPU.Build.0 = Debug|Any CPU
		{6734C540-385C-4E76-B91E-60E14790CAB3}.Debug|x64.ActiveCfg = Debug|Any CPU
		{6734C540-385C-4E76-B91E-60E14790CAB3}.Debug|x64.Build.0 = Debug|Any CPU
		{6734C540-385C-4E76-B91E-60E14790CAB3}.Debug|x86.ActiveCfg = Debug|Any CPU
		{6734C540-385C-4E76-B91E-60E14790CAB3}.Debug|x86.Build.0 = Debug|Any CPU
		{6734C540-385C-4E76-B91E-60E14790CAB3}.Release|Any CPU.ActiveCfg = Release|Any CPU
		{6734C540-385C-4E76-B91E-60E14790CAB3}.Release|Any CPU.Build.0 = Release|Any CPU
		{6734C540-385C-4E76-B91E-60E14790CAB3}.Release|x64.ActiveCfg = Release|Any CPU
		{6734C540-385C-4E76-B91E-60E14790CAB3}.Release|x64.Build.0 = Release|Any CPU
		{6734C540-385C-4E76-B91E-60E14790CAB3}.Release|x86.ActiveCfg = Release|Any CPU
		{6734C540-385C-4E76-B91E-60E14790CAB3}.Release|x86.Build.0 = Release|Any CPU
		{F7D96F8E-D8EC-47CB-BA05-9CE7BF5A7F7F}.Debug|Any CPU.ActiveCfg = Debug|Any CPU
		{F7D96F8E-D8EC-47CB-BA05-9CE7BF5A7F7F}.Debug|Any CPU.Build.0 = Debug|Any CPU
		{F7D96F8E-D8EC-47CB-BA05-9CE7BF5A7F7F}.Debug|x64.ActiveCfg = Debug|Any CPU
		{F7D96F8E-D8EC-47CB-BA05-9CE7BF5A7F7F}.Debug|x64.Build.0 = Debug|Any CPU
		{F7D96F8E-D8EC-47CB-BA05-9CE7BF5A7F7F}.Debug|x86.ActiveCfg = Debug|Any CPU
		{F7D96F8E-D8EC-47CB-BA05-9CE7BF5A7F7F}.Debug|x86.Build.0 = Debug|Any CPU
		{F7D96F8E-D8EC-47CB-BA05-9CE7BF5A7F7F}.Release|Any CPU.ActiveCfg = Release|Any CPU
		{F7D96F8E-D8EC-47CB-BA05-9CE7BF5A7F7F}.Release|Any CPU.Build.0 = Release|Any CPU
		{F7D96F8E-D8EC-47CB-BA05-9CE7BF5A7F7F}.Release|x64.ActiveCfg = Release|Any CPU
		{F7D96F8E-D8EC-47CB-BA05-9CE7BF5A7F7F}.Release|x64.Build.0 = Release|Any CPU
		{F7D96F8E-D8EC-47CB-BA05-9CE7BF5A7F7F}.Release|x86.ActiveCfg = Release|Any CPU
		{F7D96F8E-D8EC-47CB-BA05-9CE7BF5A7F7F}.Release|x86.Build.0 = Release|Any CPU
		{A548B36E-5032-4CB1-82CD-31896FA5B197}.Debug|Any CPU.ActiveCfg = Debug|Any CPU
		{A548B36E-5032-4CB1-82CD-31896FA5B197}.Debug|Any CPU.Build.0 = Debug|Any CPU
		{A548B36E-5032-4CB1-82CD-31896FA5B197}.Debug|x64.ActiveCfg = Debug|Any CPU
		{A548B36E-5032-4CB1-82CD-31896FA5B197}.Debug|x64.Build.0 = Debug|Any CPU
		{A548B36E-5032-4CB1-82CD-31896FA5B197}.Debug|x86.ActiveCfg = Debug|Any CPU
		{A548B36E-5032-4CB1-82CD-31896FA5B197}.Debug|x86.Build.0 = Debug|Any CPU
		{A548B36E-5032-4CB1-82CD-31896FA5B197}.Release|Any CPU.ActiveCfg = Release|Any CPU
		{A548B36E-5032-4CB1-82CD-31896FA5B197}.Release|Any CPU.Build.0 = Release|Any CPU
		{A548B36E-5032-4CB1-82CD-31896FA5B197}.Release|x64.ActiveCfg = Release|Any CPU
		{A548B36E-5032-4CB1-82CD-31896FA5B197}.Release|x64.Build.0 = Release|Any CPU
		{A548B36E-5032-4CB1-82CD-31896FA5B197}.Release|x86.ActiveCfg = Release|Any CPU
		{A548B36E-5032-4CB1-82CD-31896FA5B197}.Release|x86.Build.0 = Release|Any CPU
		{F7812E67-C1F6-4DC9-B2EB-A6950D21AB18}.Debug|Any CPU.ActiveCfg = Debug|Any CPU
		{F7812E67-C1F6-4DC9-B2EB-A6950D21AB18}.Debug|Any CPU.Build.0 = Debug|Any CPU
		{F7812E67-C1F6-4DC9-B2EB-A6950D21AB18}.Debug|x64.ActiveCfg = Debug|Any CPU
		{F7812E67-C1F6-4DC9-B2EB-A6950D21AB18}.Debug|x64.Build.0 = Debug|Any CPU
		{F7812E67-C1F6-4DC9-B2EB-A6950D21AB18}.Debug|x86.ActiveCfg = Debug|Any CPU
		{F7812E67-C1F6-4DC9-B2EB-A6950D21AB18}.Debug|x86.Build.0 = Debug|Any CPU
		{F7812E67-C1F6-4DC9-B2EB-A6950D21AB18}.Release|Any CPU.ActiveCfg = Release|Any CPU
		{F7812E67-C1F6-4DC9-B2EB-A6950D21AB18}.Release|Any CPU.Build.0 = Release|Any CPU
		{F7812E67-C1F6-4DC9-B2EB-A6950D21AB18}.Release|x64.ActiveCfg = Release|Any CPU
		{F7812E67-C1F6-4DC9-B2EB-A6950D21AB18}.Release|x64.Build.0 = Release|Any CPU
		{F7812E67-C1F6-4DC9-B2EB-A6950D21AB18}.Release|x86.ActiveCfg = Release|Any CPU
		{F7812E67-C1F6-4DC9-B2EB-A6950D21AB18}.Release|x86.Build.0 = Release|Any CPU
		{64671DA2-CF4A-4E1F-A60A-BFA08C1E893B}.Debug|Any CPU.ActiveCfg = Debug|Any CPU
		{64671DA2-CF4A-4E1F-A60A-BFA08C1E893B}.Debug|Any CPU.Build.0 = Debug|Any CPU
		{64671DA2-CF4A-4E1F-A60A-BFA08C1E893B}.Debug|x64.ActiveCfg = Debug|Any CPU
		{64671DA2-CF4A-4E1F-A60A-BFA08C1E893B}.Debug|x64.Build.0 = Debug|Any CPU
		{64671DA2-CF4A-4E1F-A60A-BFA08C1E893B}.Debug|x86.ActiveCfg = Debug|Any CPU
		{64671DA2-CF4A-4E1F-A60A-BFA08C1E893B}.Debug|x86.Build.0 = Debug|Any CPU
		{64671DA2-CF4A-4E1F-A60A-BFA08C1E893B}.Release|Any CPU.ActiveCfg = Release|Any CPU
		{64671DA2-CF4A-4E1F-A60A-BFA08C1E893B}.Release|Any CPU.Build.0 = Release|Any CPU
		{64671DA2-CF4A-4E1F-A60A-BFA08C1E893B}.Release|x64.ActiveCfg = Release|Any CPU
		{64671DA2-CF4A-4E1F-A60A-BFA08C1E893B}.Release|x64.Build.0 = Release|Any CPU
		{64671DA2-CF4A-4E1F-A60A-BFA08C1E893B}.Release|x86.ActiveCfg = Release|Any CPU
		{64671DA2-CF4A-4E1F-A60A-BFA08C1E893B}.Release|x86.Build.0 = Release|Any CPU
		{C39CFDF9-9341-4265-ACD8-E8C20133CFDF}.Debug|Any CPU.ActiveCfg = Debug|Any CPU
		{C39CFDF9-9341-4265-ACD8-E8C20133CFDF}.Debug|Any CPU.Build.0 = Debug|Any CPU
		{C39CFDF9-9341-4265-ACD8-E8C20133CFDF}.Debug|x64.ActiveCfg = Debug|Any CPU
		{C39CFDF9-9341-4265-ACD8-E8C20133CFDF}.Debug|x64.Build.0 = Debug|Any CPU
		{C39CFDF9-9341-4265-ACD8-E8C20133CFDF}.Debug|x86.ActiveCfg = Debug|Any CPU
		{C39CFDF9-9341-4265-ACD8-E8C20133CFDF}.Debug|x86.Build.0 = Debug|Any CPU
		{C39CFDF9-9341-4265-ACD8-E8C20133CFDF}.Release|Any CPU.ActiveCfg = Release|Any CPU
		{C39CFDF9-9341-4265-ACD8-E8C20133CFDF}.Release|Any CPU.Build.0 = Release|Any CPU
		{C39CFDF9-9341-4265-ACD8-E8C20133CFDF}.Release|x64.ActiveCfg = Release|Any CPU
		{C39CFDF9-9341-4265-ACD8-E8C20133CFDF}.Release|x64.Build.0 = Release|Any CPU
		{C39CFDF9-9341-4265-ACD8-E8C20133CFDF}.Release|x86.ActiveCfg = Release|Any CPU
		{C39CFDF9-9341-4265-ACD8-E8C20133CFDF}.Release|x86.Build.0 = Release|Any CPU
		{4FD54C9F-2897-49E4-B502-92D6FBC76B91}.Debug|Any CPU.ActiveCfg = Debug|Any CPU
		{4FD54C9F-2897-49E4-B502-92D6FBC76B91}.Debug|Any CPU.Build.0 = Debug|Any CPU
		{4FD54C9F-2897-49E4-B502-92D6FBC76B91}.Debug|x64.ActiveCfg = Debug|Any CPU
		{4FD54C9F-2897-49E4-B502-92D6FBC76B91}.Debug|x64.Build.0 = Debug|Any CPU
		{4FD54C9F-2897-49E4-B502-92D6FBC76B91}.Debug|x86.ActiveCfg = Debug|Any CPU
		{4FD54C9F-2897-49E4-B502-92D6FBC76B91}.Debug|x86.Build.0 = Debug|Any CPU
		{4FD54C9F-2897-49E4-B502-92D6FBC76B91}.Release|Any CPU.ActiveCfg = Release|Any CPU
		{4FD54C9F-2897-49E4-B502-92D6FBC76B91}.Release|Any CPU.Build.0 = Release|Any CPU
		{4FD54C9F-2897-49E4-B502-92D6FBC76B91}.Release|x64.ActiveCfg = Release|Any CPU
		{4FD54C9F-2897-49E4-B502-92D6FBC76B91}.Release|x64.Build.0 = Release|Any CPU
		{4FD54C9F-2897-49E4-B502-92D6FBC76B91}.Release|x86.ActiveCfg = Release|Any CPU
		{4FD54C9F-2897-49E4-B502-92D6FBC76B91}.Release|x86.Build.0 = Release|Any CPU
		{7AC853FF-900B-4642-87D1-8EAA1B1076B6}.Debug|Any CPU.ActiveCfg = Debug|Any CPU
		{7AC853FF-900B-4642-87D1-8EAA1B1076B6}.Debug|Any CPU.Build.0 = Debug|Any CPU
		{7AC853FF-900B-4642-87D1-8EAA1B1076B6}.Debug|x64.ActiveCfg = Debug|Any CPU
		{7AC853FF-900B-4642-87D1-8EAA1B1076B6}.Debug|x64.Build.0 = Debug|Any CPU
		{7AC853FF-900B-4642-87D1-8EAA1B1076B6}.Debug|x86.ActiveCfg = Debug|Any CPU
		{7AC853FF-900B-4642-87D1-8EAA1B1076B6}.Debug|x86.Build.0 = Debug|Any CPU
		{7AC853FF-900B-4642-87D1-8EAA1B1076B6}.Release|Any CPU.ActiveCfg = Release|Any CPU
		{7AC853FF-900B-4642-87D1-8EAA1B1076B6}.Release|Any CPU.Build.0 = Release|Any CPU
		{7AC853FF-900B-4642-87D1-8EAA1B1076B6}.Release|x64.ActiveCfg = Release|Any CPU
		{7AC853FF-900B-4642-87D1-8EAA1B1076B6}.Release|x64.Build.0 = Release|Any CPU
		{7AC853FF-900B-4642-87D1-8EAA1B1076B6}.Release|x86.ActiveCfg = Release|Any CPU
		{7AC853FF-900B-4642-87D1-8EAA1B1076B6}.Release|x86.Build.0 = Release|Any CPU
		{67E080CB-37E3-4667-A564-61925BA5DF79}.Debug|Any CPU.ActiveCfg = Debug|Any CPU
		{67E080CB-37E3-4667-A564-61925BA5DF79}.Debug|Any CPU.Build.0 = Debug|Any CPU
		{67E080CB-37E3-4667-A564-61925BA5DF79}.Debug|x64.ActiveCfg = Debug|Any CPU
		{67E080CB-37E3-4667-A564-61925BA5DF79}.Debug|x64.Build.0 = Debug|Any CPU
		{67E080CB-37E3-4667-A564-61925BA5DF79}.Debug|x86.ActiveCfg = Debug|Any CPU
		{67E080CB-37E3-4667-A564-61925BA5DF79}.Debug|x86.Build.0 = Debug|Any CPU
		{67E080CB-37E3-4667-A564-61925BA5DF79}.Release|Any CPU.ActiveCfg = Release|Any CPU
		{67E080CB-37E3-4667-A564-61925BA5DF79}.Release|Any CPU.Build.0 = Release|Any CPU
		{67E080CB-37E3-4667-A564-61925BA5DF79}.Release|x64.ActiveCfg = Release|Any CPU
		{67E080CB-37E3-4667-A564-61925BA5DF79}.Release|x64.Build.0 = Release|Any CPU
		{67E080CB-37E3-4667-A564-61925BA5DF79}.Release|x86.ActiveCfg = Release|Any CPU
		{67E080CB-37E3-4667-A564-61925BA5DF79}.Release|x86.Build.0 = Release|Any CPU
		{49AF1BB0-DD3C-4199-A6D4-9B2B90ECEEF9}.Debug|Any CPU.ActiveCfg = Debug|Any CPU
		{49AF1BB0-DD3C-4199-A6D4-9B2B90ECEEF9}.Debug|Any CPU.Build.0 = Debug|Any CPU
		{49AF1BB0-DD3C-4199-A6D4-9B2B90ECEEF9}.Debug|x64.ActiveCfg = Debug|Any CPU
		{49AF1BB0-DD3C-4199-A6D4-9B2B90ECEEF9}.Debug|x64.Build.0 = Debug|Any CPU
		{49AF1BB0-DD3C-4199-A6D4-9B2B90ECEEF9}.Debug|x86.ActiveCfg = Debug|Any CPU
		{49AF1BB0-DD3C-4199-A6D4-9B2B90ECEEF9}.Debug|x86.Build.0 = Debug|Any CPU
		{49AF1BB0-DD3C-4199-A6D4-9B2B90ECEEF9}.Release|Any CPU.ActiveCfg = Release|Any CPU
		{49AF1BB0-DD3C-4199-A6D4-9B2B90ECEEF9}.Release|Any CPU.Build.0 = Release|Any CPU
		{49AF1BB0-DD3C-4199-A6D4-9B2B90ECEEF9}.Release|x64.ActiveCfg = Release|Any CPU
		{49AF1BB0-DD3C-4199-A6D4-9B2B90ECEEF9}.Release|x64.Build.0 = Release|Any CPU
		{49AF1BB0-DD3C-4199-A6D4-9B2B90ECEEF9}.Release|x86.ActiveCfg = Release|Any CPU
		{49AF1BB0-DD3C-4199-A6D4-9B2B90ECEEF9}.Release|x86.Build.0 = Release|Any CPU
		{77F213A0-CEA6-4461-BA3E-226072764889}.Debug|Any CPU.ActiveCfg = Debug|Any CPU
		{77F213A0-CEA6-4461-BA3E-226072764889}.Debug|Any CPU.Build.0 = Debug|Any CPU
		{77F213A0-CEA6-4461-BA3E-226072764889}.Debug|x64.ActiveCfg = Debug|Any CPU
		{77F213A0-CEA6-4461-BA3E-226072764889}.Debug|x64.Build.0 = Debug|Any CPU
		{77F213A0-CEA6-4461-BA3E-226072764889}.Debug|x86.ActiveCfg = Debug|Any CPU
		{77F213A0-CEA6-4461-BA3E-226072764889}.Debug|x86.Build.0 = Debug|Any CPU
		{77F213A0-CEA6-4461-BA3E-226072764889}.Release|Any CPU.ActiveCfg = Release|Any CPU
		{77F213A0-CEA6-4461-BA3E-226072764889}.Release|Any CPU.Build.0 = Release|Any CPU
		{77F213A0-CEA6-4461-BA3E-226072764889}.Release|x64.ActiveCfg = Release|Any CPU
		{77F213A0-CEA6-4461-BA3E-226072764889}.Release|x64.Build.0 = Release|Any CPU
		{77F213A0-CEA6-4461-BA3E-226072764889}.Release|x86.ActiveCfg = Release|Any CPU
		{77F213A0-CEA6-4461-BA3E-226072764889}.Release|x86.Build.0 = Release|Any CPU
		{40EC7F26-AF97-4288-A792-B08D5BE187F9}.Debug|Any CPU.ActiveCfg = Debug|Any CPU
		{40EC7F26-AF97-4288-A792-B08D5BE187F9}.Debug|Any CPU.Build.0 = Debug|Any CPU
		{40EC7F26-AF97-4288-A792-B08D5BE187F9}.Debug|x64.ActiveCfg = Debug|Any CPU
		{40EC7F26-AF97-4288-A792-B08D5BE187F9}.Debug|x64.Build.0 = Debug|Any CPU
		{40EC7F26-AF97-4288-A792-B08D5BE187F9}.Debug|x86.ActiveCfg = Debug|Any CPU
		{40EC7F26-AF97-4288-A792-B08D5BE187F9}.Debug|x86.Build.0 = Debug|Any CPU
		{40EC7F26-AF97-4288-A792-B08D5BE187F9}.Release|Any CPU.ActiveCfg = Release|Any CPU
		{40EC7F26-AF97-4288-A792-B08D5BE187F9}.Release|Any CPU.Build.0 = Release|Any CPU
		{40EC7F26-AF97-4288-A792-B08D5BE187F9}.Release|x64.ActiveCfg = Release|Any CPU
		{40EC7F26-AF97-4288-A792-B08D5BE187F9}.Release|x64.Build.0 = Release|Any CPU
		{40EC7F26-AF97-4288-A792-B08D5BE187F9}.Release|x86.ActiveCfg = Release|Any CPU
		{40EC7F26-AF97-4288-A792-B08D5BE187F9}.Release|x86.Build.0 = Release|Any CPU
		{1906BA72-2480-4EA1-990F-DF887F79371A}.Debug|Any CPU.ActiveCfg = Debug|Any CPU
		{1906BA72-2480-4EA1-990F-DF887F79371A}.Debug|Any CPU.Build.0 = Debug|Any CPU
		{1906BA72-2480-4EA1-990F-DF887F79371A}.Debug|x64.ActiveCfg = Debug|Any CPU
		{1906BA72-2480-4EA1-990F-DF887F79371A}.Debug|x64.Build.0 = Debug|Any CPU
		{1906BA72-2480-4EA1-990F-DF887F79371A}.Debug|x86.ActiveCfg = Debug|Any CPU
		{1906BA72-2480-4EA1-990F-DF887F79371A}.Debug|x86.Build.0 = Debug|Any CPU
		{1906BA72-2480-4EA1-990F-DF887F79371A}.Release|Any CPU.ActiveCfg = Release|Any CPU
		{1906BA72-2480-4EA1-990F-DF887F79371A}.Release|Any CPU.Build.0 = Release|Any CPU
		{1906BA72-2480-4EA1-990F-DF887F79371A}.Release|x64.ActiveCfg = Release|Any CPU
		{1906BA72-2480-4EA1-990F-DF887F79371A}.Release|x64.Build.0 = Release|Any CPU
		{1906BA72-2480-4EA1-990F-DF887F79371A}.Release|x86.ActiveCfg = Release|Any CPU
		{1906BA72-2480-4EA1-990F-DF887F79371A}.Release|x86.Build.0 = Release|Any CPU
		{8C1C7D39-381B-456E-90E4-B3D16C5CA6F9}.Debug|Any CPU.ActiveCfg = Debug|Any CPU
		{8C1C7D39-381B-456E-90E4-B3D16C5CA6F9}.Debug|Any CPU.Build.0 = Debug|Any CPU
		{8C1C7D39-381B-456E-90E4-B3D16C5CA6F9}.Debug|x64.ActiveCfg = Debug|Any CPU
		{8C1C7D39-381B-456E-90E4-B3D16C5CA6F9}.Debug|x64.Build.0 = Debug|Any CPU
		{8C1C7D39-381B-456E-90E4-B3D16C5CA6F9}.Debug|x86.ActiveCfg = Debug|Any CPU
		{8C1C7D39-381B-456E-90E4-B3D16C5CA6F9}.Debug|x86.Build.0 = Debug|Any CPU
		{8C1C7D39-381B-456E-90E4-B3D16C5CA6F9}.Release|Any CPU.ActiveCfg = Release|Any CPU
		{8C1C7D39-381B-456E-90E4-B3D16C5CA6F9}.Release|Any CPU.Build.0 = Release|Any CPU
		{8C1C7D39-381B-456E-90E4-B3D16C5CA6F9}.Release|x64.ActiveCfg = Release|Any CPU
		{8C1C7D39-381B-456E-90E4-B3D16C5CA6F9}.Release|x64.Build.0 = Release|Any CPU
		{8C1C7D39-381B-456E-90E4-B3D16C5CA6F9}.Release|x86.ActiveCfg = Release|Any CPU
		{8C1C7D39-381B-456E-90E4-B3D16C5CA6F9}.Release|x86.Build.0 = Release|Any CPU
		{188F10D8-4439-4AFF-BCF6-0466E5170DEA}.Debug|Any CPU.ActiveCfg = Debug|Any CPU
		{188F10D8-4439-4AFF-BCF6-0466E5170DEA}.Debug|Any CPU.Build.0 = Debug|Any CPU
		{188F10D8-4439-4AFF-BCF6-0466E5170DEA}.Debug|x64.ActiveCfg = Debug|Any CPU
		{188F10D8-4439-4AFF-BCF6-0466E5170DEA}.Debug|x64.Build.0 = Debug|Any CPU
		{188F10D8-4439-4AFF-BCF6-0466E5170DEA}.Debug|x86.ActiveCfg = Debug|Any CPU
		{188F10D8-4439-4AFF-BCF6-0466E5170DEA}.Debug|x86.Build.0 = Debug|Any CPU
		{188F10D8-4439-4AFF-BCF6-0466E5170DEA}.Release|Any CPU.ActiveCfg = Release|Any CPU
		{188F10D8-4439-4AFF-BCF6-0466E5170DEA}.Release|Any CPU.Build.0 = Release|Any CPU
		{188F10D8-4439-4AFF-BCF6-0466E5170DEA}.Release|x64.ActiveCfg = Release|Any CPU
		{188F10D8-4439-4AFF-BCF6-0466E5170DEA}.Release|x64.Build.0 = Release|Any CPU
		{188F10D8-4439-4AFF-BCF6-0466E5170DEA}.Release|x86.ActiveCfg = Release|Any CPU
		{188F10D8-4439-4AFF-BCF6-0466E5170DEA}.Release|x86.Build.0 = Release|Any CPU
	EndGlobalSection
	GlobalSection(SolutionProperties) = preSolution
		HideSolutionNode = FALSE
	EndGlobalSection
	GlobalSection(NestedProjects) = preSolution
		{6734C540-385C-4E76-B91E-60E14790CAB3} = {827E0CD3-B72D-47B6-A68D-7590B98EB39B}
		{F7D96F8E-D8EC-47CB-BA05-9CE7BF5A7F7F} = {827E0CD3-B72D-47B6-A68D-7590B98EB39B}
		{A548B36E-5032-4CB1-82CD-31896FA5B197} = {827E0CD3-B72D-47B6-A68D-7590B98EB39B}
		{F7812E67-C1F6-4DC9-B2EB-A6950D21AB18} = {827E0CD3-B72D-47B6-A68D-7590B98EB39B}
		{64671DA2-CF4A-4E1F-A60A-BFA08C1E893B} = {827E0CD3-B72D-47B6-A68D-7590B98EB39B}
		{C39CFDF9-9341-4265-ACD8-E8C20133CFDF} = {827E0CD3-B72D-47B6-A68D-7590B98EB39B}
		{4FD54C9F-2897-49E4-B502-92D6FBC76B91} = {827E0CD3-B72D-47B6-A68D-7590B98EB39B}
		{7AC853FF-900B-4642-87D1-8EAA1B1076B6} = {827E0CD3-B72D-47B6-A68D-7590B98EB39B}
		{67E080CB-37E3-4667-A564-61925BA5DF79} = {0AB3BF05-4346-4AA6-1389-037BE0695223}
		{49AF1BB0-DD3C-4199-A6D4-9B2B90ECEEF9} = {0AB3BF05-4346-4AA6-1389-037BE0695223}
		{77F213A0-CEA6-4461-BA3E-226072764889} = {0AB3BF05-4346-4AA6-1389-037BE0695223}
		{40EC7F26-AF97-4288-A792-B08D5BE187F9} = {0AB3BF05-4346-4AA6-1389-037BE0695223}
		{1906BA72-2480-4EA1-990F-DF887F79371A} = {0AB3BF05-4346-4AA6-1389-037BE0695223}
		{8C1C7D39-381B-456E-90E4-B3D16C5CA6F9} = {66320409-64EC-F7C5-3DEF-65E7510DAAD1}
		{188F10D8-4439-4AFF-BCF6-0466E5170DEA} = {07C2787E-EAC7-C090-1BA3-A61EC2A24D84}
	EndGlobalSection
EndGlobal
