{
  "version": 2,
  "dependencies": {
    "net10.0": {
      "roverrender2d.application": {
        "type": "Project",
        "dependencies": {
          "RoverRender2D.Domain": "[1.0.0, )"
        }
      },
      "roverrender2d.domain": {
        "type": "Project"
      },
      "roverrender2d.processing": {
        "type": "Project",
        "dependencies": {
          "RoverRender2D.Application": "[1.0.0, )",
          "RoverRender2D.Domain": "[1.0.0, )"
        }
      }
    }
  }
}